
Microsoft Visual Studio Solution File, Format Version 12.00
# Visual Studio Version 17
VisualStudioVersion = 17.4.33122.133
MinimumVisualStudioVersion = 10.0.40219.1
Project("{9A19103F-16F7-4668-BE54-9A1E7A4F7556}") = "calcTriangleWithoutOOP", "calcTriangleWithoutPOO\calcTriangleWithoutOOP.csproj", "{58E42430-ABB6-4146-A948-71C04C16EC70}"
EndProject
Global
	GlobalSection(SolutionConfigurationPlatforms) = preSolution
		Debug|Any CPU = Debug|Any CPU
		Release|Any CPU = Release|Any CPU
	EndGlobalSection
	GlobalSection(ProjectConfigurationPlatforms) = postSolution
		{58E42430-ABB6-4146-A948-71C04C16EC70}.Debug|Any CPU.ActiveCfg = Debug|Any CPU
		{58E42430-ABB6-4146-A948-71C04C16EC70}.Debug|Any CPU.Build.0 = Debug|Any CPU
		{58E42430-ABB6-4146-A948-71C04C16EC70}.Release|Any CPU.ActiveCfg = Release|Any CPU
		{58E42430-ABB6-4146-A948-71C04C16EC70}.Release|Any CPU.Build.0 = Release|Any CPU
	EndGlobalSection
	GlobalSection(SolutionProperties) = preSolution
		HideSolutionNode = FALSE
	EndGlobalSection
	GlobalSection(ExtensibilityGlobals) = postSolution
		SolutionGuid = {B044E3AA-BF83-434E-84F4-711CC8687F5C}
	EndGlobalSection
EndGlobal
